
Microsoft Visual Studio Solution File, Format Version 12.00
# Visual Studio Version 16
VisualStudioVersion = 16.0.31019.35
MinimumVisualStudioVersion = 10.0.40219.1
Project("{FAE04EC0-301F-11D3-BF4B-00C04F79EFBC}") = "HW10", "HW10\HW10.csproj", "{27CDA8BB-6B84-49E3-8461-2AFC5FA97C71}"
EndProject
Global
	GlobalSection(SolutionConfigurationPlatforms) = preSolution
		Debug|Any CPU = Debug|Any CPU
		Release|Any CPU = Release|Any CPU
	EndGlobalSection
	GlobalSection(ProjectConfigurationPlatforms) = postSolution
		{27CDA8BB-6B84-49E3-8461-2AFC5FA97C71}.Debug|Any CPU.ActiveCfg = Debug|Any CPU
		{27CDA8BB-6B84-49E3-8461-2AFC5FA97C71}.Debug|Any CPU.Build.0 = Debug|Any CPU
		{27CDA8BB-6B84-49E3-8461-2AFC5FA97C71}.Release|Any CPU.ActiveCfg = Release|Any CPU
		{27CDA8BB-6B84-49E3-8461-2AFC5FA97C71}.Release|Any CPU.Build.0 = Release|Any CPU
	EndGlobalSection
	GlobalSection(SolutionProperties) = preSolution
		HideSolutionNode = FALSE
	EndGlobalSection
	GlobalSection(ExtensibilityGlobals) = postSolution
		SolutionGuid = {E6157634-9D00-4DC6-8D62-BA4E6F0AB043}
	EndGlobalSection
EndGlobal
